{
  "name": "packages",
  "lockfileVersion": 3,
  "requires": true,
  "packages": {
    "": {
      "dependencies": {
        "@flaticon/flaticon-uicons": "^2.2.0"
      }
    },
    "node_modules/@flaticon/flaticon-uicons": {
      "version": "2.2.0",
      "resolved": "https://registry.npmjs.org/@flaticon/flaticon-uicons/-/flaticon-uicons-2.2.0.tgz",
      "integrity": "sha512-9rZ9dKhqrR/XLI84HHfOwetK8ew/Y0FONp5l6n+fMhqGBrDZKkOGMjAoEgSfBH6d+VaVGcm0E28xhlBt7ggbRg==",
      "optionalDependencies": {
        "esbuild-linux-64": "^0.14.5"
      }
    },
    "node_modules/esbuild-linux-64": {
      "version": "0.14.54",
      "resolved": "https://registry.npmjs.org/esbuild-linux-64/-/esbuild-linux-64-0.14.54.tgz",
      "integrity": "sha512-EgjAgH5HwTbtNsTqQOXWApBaPVdDn7XcK+/PtJwZLT1UmpLoznPd8c5CxqsH2dQK3j05YsB3L17T8vE7cp4cCg==",
      "cpu": [
        "x64"
      ],
      "optional": true,
      "os": [
        "linux"
      ],
      "engines": {
        "node": ">=12"
      }
    }
  }
}
